// !$*UTF8*$!
{
	archiveVersion = 1;
	classes = {
	};
	objectVersion = 56;
	objects = {

/* Begin PBXBuildFile section */
		935560D52935912200CD66C2 /* BambooApp.swift in Sources */ = {isa = PBXBuildFile; fileRef = 935560D42935912200CD66C2 /* BambooApp.swift */; };
		935560D72935912200CD66C2 /* MainView.swift in Sources */ = {isa = PBXBuildFile; fileRef = 935560D62935912200CD66C2 /* MainView.swift */; };
		935560D92935912300CD66C2 /* Assets.xcassets in Resources */ = {isa = PBXBuildFile; fileRef = 935560D82935912300CD66C2 /* Assets.xcassets */; };
		935560F929359C5200CD66C2 /* Alamofire in Frameworks */ = {isa = PBXBuildFile; productRef = 935560F829359C5200CD66C2 /* Alamofire */; };
		9355610129359CB500CD66C2 /* RealmSwift in Frameworks */ = {isa = PBXBuildFile; productRef = 9355610029359CB500CD66C2 /* RealmSwift */; };
		936459C929A0C84A00A15CCF /* Button.swift in Sources */ = {isa = PBXBuildFile; fileRef = 936459C829A0C84A00A15CCF /* Button.swift */; };
		936459CB29A0C88200A15CCF /* Radio.swift in Sources */ = {isa = PBXBuildFile; fileRef = 936459CA29A0C88200A15CCF /* Radio.swift */; };
		936459CD29A0C89200A15CCF /* Navigation.swift in Sources */ = {isa = PBXBuildFile; fileRef = 936459CC29A0C89200A15CCF /* Navigation.swift */; };
		936459D029A0C8EF00A15CCF /* LinkNavigator in Frameworks */ = {isa = PBXBuildFile; productRef = 936459CF29A0C8EF00A15CCF /* LinkNavigator */; };
		936459DA29A0CC7C00A15CCF /* TextExt.swift in Sources */ = {isa = PBXBuildFile; fileRef = 936459D929A0CC7C00A15CCF /* TextExt.swift */; };
		936459DE29A0CE3600A15CCF /* Constants.swift in Sources */ = {isa = PBXBuildFile; fileRef = 936459DD29A0CE3600A15CCF /* Constants.swift */; };
		936459E029A0D4A900A15CCF /* ViewExt.swift in Sources */ = {isa = PBXBuildFile; fileRef = 936459DF29A0D4A900A15CCF /* ViewExt.swift */; };
/* End PBXBuildFile section */

/* Begin PBXFileReference section */
		935560D12935912200CD66C2 /* Bamboo.app */ = {isa = PBXFileReference; explicitFileType = wrapper.application; includeInIndex = 0; path = Bamboo.app; sourceTree = BUILT_PRODUCTS_DIR; };
		935560D42935912200CD66C2 /* BambooApp.swift */ = {isa = PBXFileReference; lastKnownFileType = sourcecode.swift; path = BambooApp.swift; sourceTree = "<group>"; };
		935560D62935912200CD66C2 /* MainView.swift */ = {isa = PBXFileReference; lastKnownFileType = sourcecode.swift; path = MainView.swift; sourceTree = "<group>"; };
		935560D82935912300CD66C2 /* Assets.xcassets */ = {isa = PBXFileReference; lastKnownFileType = folder.assetcatalog; path = Assets.xcassets; sourceTree = "<group>"; };
		935560E22935913600CD66C2 /* README.md */ = {isa = PBXFileReference; lastKnownFileType = net.daringfireball.markdown; path = README.md; sourceTree = "<group>"; };
		936459C829A0C84A00A15CCF /* Button.swift */ = {isa = PBXFileReference; lastKnownFileType = sourcecode.swift; path = Button.swift; sourceTree = "<group>"; };
		936459CA29A0C88200A15CCF /* Radio.swift */ = {isa = PBXFileReference; lastKnownFileType = sourcecode.swift; path = Radio.swift; sourceTree = "<group>"; };
		936459CC29A0C89200A15CCF /* Navigation.swift */ = {isa = PBXFileReference; lastKnownFileType = sourcecode.swift; path = Navigation.swift; sourceTree = "<group>"; };
		936459D929A0CC7C00A15CCF /* TextExt.swift */ = {isa = PBXFileReference; lastKnownFileType = sourcecode.swift; path = TextExt.swift; sourceTree = "<group>"; };
		936459DD29A0CE3600A15CCF /* Constants.swift */ = {isa = PBXFileReference; lastKnownFileType = sourcecode.swift; path = Constants.swift; sourceTree = "<group>"; };
		936459DF29A0D4A900A15CCF /* ViewExt.swift */ = {isa = PBXFileReference; lastKnownFileType = sourcecode.swift; path = ViewExt.swift; sourceTree = "<group>"; };
/* End PBXFileReference section */

/* Begin PBXFrameworksBuildPhase section */
		935560CE2935912200CD66C2 /* Frameworks */ = {
			isa = PBXFrameworksBuildPhase;
			buildActionMask = 2147483647;
			files = (
				9355610129359CB500CD66C2 /* RealmSwift in Frameworks */,
				935560F929359C5200CD66C2 /* Alamofire in Frameworks */,
				936459D029A0C8EF00A15CCF /* LinkNavigator in Frameworks */,
			);
			runOnlyForDeploymentPostprocessing = 0;
		};
/* End PBXFrameworksBuildPhase section */

/* Begin PBXGroup section */
		935560C82935912200CD66C2 = {
			isa = PBXGroup;
			children = (
				935560E22935913600CD66C2 /* README.md */,
				935560D32935912200CD66C2 /* Bamboo */,
				935560D22935912200CD66C2 /* Products */,
			);
			sourceTree = "<group>";
		};
		935560D22935912200CD66C2 /* Products */ = {
			isa = PBXGroup;
			children = (
				935560D12935912200CD66C2 /* Bamboo.app */,
			);
			name = Products;
			sourceTree = "<group>";
		};
		935560D32935912200CD66C2 /* Bamboo */ = {
			isa = PBXGroup;
			children = (
				935560D42935912200CD66C2 /* BambooApp.swift */,
				936459D729A0CA9400A15CCF /* Utilites */,
				936459C629A0C81A00A15CCF /* Screens */,
				935560DA2935912300CD66C2 /* Preview Content */,
			);
			path = Bamboo;
			sourceTree = "<group>";
		};
		935560DA2935912300CD66C2 /* Preview Content */ = {
			isa = PBXGroup;
			children = (
			);
			path = "Preview Content";
			sourceTree = "<group>";
		};
		936459C529A0C80700A15CCF /* Resources */ = {
			isa = PBXGroup;
			children = (
				935560D82935912300CD66C2 /* Assets.xcassets */,
				936459DD29A0CE3600A15CCF /* Constants.swift */,
			);
			path = Resources;
			sourceTree = "<group>";
		};
		936459C629A0C81A00A15CCF /* Screens */ = {
			isa = PBXGroup;
			children = (
				936459D129A0C90300A15CCF /* Main */,
			);
			path = Screens;
			sourceTree = "<group>";
		};
		936459C729A0C83800A15CCF /* Components */ = {
			isa = PBXGroup;
			children = (
				936459CC29A0C89200A15CCF /* Navigation.swift */,
				936459CA29A0C88200A15CCF /* Radio.swift */,
				936459C829A0C84A00A15CCF /* Button.swift */,
			);
			path = Components;
			sourceTree = "<group>";
		};
		936459D129A0C90300A15CCF /* Main */ = {
			isa = PBXGroup;
			children = (
				936459D629A0CA4600A15CCF /* Intent */,
				936459D529A0CA4300A15CCF /* Model */,
				936459D429A0CA3F00A15CCF /* Router */,
				936459D329A0CA3D00A15CCF /* View */,
			);
			path = Main;
			sourceTree = "<group>";
		};
		936459D329A0CA3D00A15CCF /* View */ = {
			isa = PBXGroup;
			children = (
				935560D62935912200CD66C2 /* MainView.swift */,
			);
			path = View;
			sourceTree = "<group>";
		};
		936459D429A0CA3F00A15CCF /* Router */ = {
			isa = PBXGroup;
			children = (
			);
			path = Router;
			sourceTree = "<group>";
		};
		936459D529A0CA4300A15CCF /* Model */ = {
			isa = PBXGroup;
			children = (
			);
			path = Model;
			sourceTree = "<group>";
		};
		936459D629A0CA4600A15CCF /* Intent */ = {
			isa = PBXGroup;
			children = (
			);
			path = Intent;
			sourceTree = "<group>";
		};
		936459D729A0CA9400A15CCF /* Utilites */ = {
			isa = PBXGroup;
			children = (
				936459C529A0C80700A15CCF /* Resources */,
				936459C729A0C83800A15CCF /* Components */,
				936459D829A0CAD100A15CCF /* Extensions */,
			);
			path = Utilites;
			sourceTree = "<group>";
		};
		936459D829A0CAD100A15CCF /* Extensions */ = {
			isa = PBXGroup;
			children = (
				936459D929A0CC7C00A15CCF /* TextExt.swift */,
				936459DF29A0D4A900A15CCF /* ViewExt.swift */,
			);
			path = Extensions;
			sourceTree = "<group>";
		};
/* End PBXGroup section */

/* Begin PBXNativeTarget section */
		935560D02935912200CD66C2 /* Bamboo */ = {
			isa = PBXNativeTarget;
			buildConfigurationList = 935560DF2935912300CD66C2 /* Build configuration list for PBXNativeTarget "Bamboo" */;
			buildPhases = (
				935560CD2935912200CD66C2 /* Sources */,
				935560CE2935912200CD66C2 /* Frameworks */,
				935560CF2935912200CD66C2 /* Resources */,
			);
			buildRules = (
			);
			dependencies = (
			);
			name = Bamboo;
			packageProductDependencies = (
				935560F829359C5200CD66C2 /* Alamofire */,
				9355610029359CB500CD66C2 /* RealmSwift */,
				936459CF29A0C8EF00A15CCF /* LinkNavigator */,
			);
			productName = Bamboo;
			productReference = 935560D12935912200CD66C2 /* Bamboo.app */;
			productType = "com.apple.product-type.application";
		};
/* End PBXNativeTarget section */

/* Begin PBXProject section */
		935560C92935912200CD66C2 /* Project object */ = {
			isa = PBXProject;
			attributes = {
				BuildIndependentTargetsInParallel = 1;
				LastSwiftUpdateCheck = 1410;
				LastUpgradeCheck = 1410;
				TargetAttributes = {
					935560D02935912200CD66C2 = {
						CreatedOnToolsVersion = 14.1;
					};
				};
			};
			buildConfigurationList = 935560CC2935912200CD66C2 /* Build configuration list for PBXProject "Bamboo" */;
			compatibilityVersion = "Xcode 14.0";
			developmentRegion = en;
			hasScannedForEncodings = 0;
			knownRegions = (
				en,
				Base,
			);
			mainGroup = 935560C82935912200CD66C2;
			packageReferences = (
				935560F729359C5200CD66C2 /* XCRemoteSwiftPackageReference "Alamofire" */,
				935560FF29359CB500CD66C2 /* XCRemoteSwiftPackageReference "realm-swift" */,
				936459CE29A0C8EF00A15CCF /* XCRemoteSwiftPackageReference "LinkNavigator" */,
			);
			productRefGroup = 935560D22935912200CD66C2 /* Products */;
			projectDirPath = "";
			projectRoot = "";
			targets = (
				935560D02935912200CD66C2 /* Bamboo */,
			);
		};
/* End PBXProject section */

/* Begin PBXResourcesBuildPhase section */
		935560CF2935912200CD66C2 /* Resources */ = {
			isa = PBXResourcesBuildPhase;
			buildActionMask = 2147483647;
			files = (
				935560D92935912300CD66C2 /* Assets.xcassets in Resources */,
			);
			runOnlyForDeploymentPostprocessing = 0;
		};
/* End PBXResourcesBuildPhase section */

/* Begin PBXSourcesBuildPhase section */
		935560CD2935912200CD66C2 /* Sources */ = {
			isa = PBXSourcesBuildPhase;
			buildActionMask = 2147483647;
			files = (
				936459CB29A0C88200A15CCF /* Radio.swift in Sources */,
				936459C929A0C84A00A15CCF /* Button.swift in Sources */,
				936459DA29A0CC7C00A15CCF /* TextExt.swift in Sources */,
				936459CD29A0C89200A15CCF /* Navigation.swift in Sources */,
				936459E029A0D4A900A15CCF /* ViewExt.swift in Sources */,
				936459DE29A0CE3600A15CCF /* Constants.swift in Sources */,
				935560D72935912200CD66C2 /* MainView.swift in Sources */,
				935560D52935912200CD66C2 /* BambooApp.swift in Sources */,
			);
			runOnlyForDeploymentPostprocessing = 0;
		};
/* End PBXSourcesBuildPhase section */

/* Begin XCBuildConfiguration section */
		935560DD2935912300CD66C2 /* Debug */ = {
			isa = XCBuildConfiguration;
			buildSettings = {
				ALWAYS_SEARCH_USER_PATHS = NO;
				CLANG_ANALYZER_NONNULL = YES;
				CLANG_ANALYZER_NUMBER_OBJECT_CONVERSION = YES_AGGRESSIVE;
				CLANG_CXX_LANGUAGE_STANDARD = "gnu++20";
				CLANG_ENABLE_MODULES = YES;
				CLANG_ENABLE_OBJC_ARC = YES;
				CLANG_ENABLE_OBJC_WEAK = YES;
				CLANG_WARN_BLOCK_CAPTURE_AUTORELEASING = YES;
				CLANG_WARN_BOOL_CONVERSION = YES;
				CLANG_WARN_COMMA = YES;
				CLANG_WARN_CONSTANT_CONVERSION = YES;
				CLANG_WARN_DEPRECATED_OBJC_IMPLEMENTATIONS = YES;
				CLANG_WARN_DIRECT_OBJC_ISA_USAGE = YES_ERROR;
				CLANG_WARN_DOCUMENTATION_COMMENTS = YES;
				CLANG_WARN_EMPTY_BODY = YES;
				CLANG_WARN_ENUM_CONVERSION = YES;
				CLANG_WARN_INFINITE_RECURSION = YES;
				CLANG_WARN_INT_CONVERSION = YES;
				CLANG_WARN_NON_LITERAL_NULL_CONVERSION = YES;
				CLANG_WARN_OBJC_IMPLICIT_RETAIN_SELF = YES;
				CLANG_WARN_OBJC_LITERAL_CONVERSION = YES;
				CLANG_WARN_OBJC_ROOT_CLASS = YES_ERROR;
				CLANG_WARN_QUOTED_INCLUDE_IN_FRAMEWORK_HEADER = YES;
				CLANG_WARN_RANGE_LOOP_ANALYSIS = YES;
				CLANG_WARN_STRICT_PROTOTYPES = YES;
				CLANG_WARN_SUSPICIOUS_MOVE = YES;
				CLANG_WARN_UNGUARDED_AVAILABILITY = YES_AGGRESSIVE;
				CLANG_WARN_UNREACHABLE_CODE = YES;
				CLANG_WARN__DUPLICATE_METHOD_MATCH = YES;
				COPY_PHASE_STRIP = NO;
				DEBUG_INFORMATION_FORMAT = dwarf;
				ENABLE_STRICT_OBJC_MSGSEND = YES;
				ENABLE_TESTABILITY = YES;
				GCC_C_LANGUAGE_STANDARD = gnu11;
				GCC_DYNAMIC_NO_PIC = NO;
				GCC_NO_COMMON_BLOCKS = YES;
				GCC_OPTIMIZATION_LEVEL = 0;
				GCC_PREPROCESSOR_DEFINITIONS = (
					"DEBUG=1",
					"$(inherited)",
				);
				GCC_WARN_64_TO_32_BIT_CONVERSION = YES;
				GCC_WARN_ABOUT_RETURN_TYPE = YES_ERROR;
				GCC_WARN_UNDECLARED_SELECTOR = YES;
				GCC_WARN_UNINITIALIZED_AUTOS = YES_AGGRESSIVE;
				GCC_WARN_UNUSED_FUNCTION = YES;
				GCC_WARN_UNUSED_VARIABLE = YES;
				IPHONEOS_DEPLOYMENT_TARGET = 14.0;
				MTL_ENABLE_DEBUG_INFO = INCLUDE_SOURCE;
				MTL_FAST_MATH = YES;
				ONLY_ACTIVE_ARCH = YES;
				SDKROOT = iphoneos;
				SWIFT_ACTIVE_COMPILATION_CONDITIONS = DEBUG;
				SWIFT_OPTIMIZATION_LEVEL = "-Onone";
			};
			name = Debug;
		};
		935560DE2935912300CD66C2 /* Release */ = {
			isa = XCBuildConfiguration;
			buildSettings = {
				ALWAYS_SEARCH_USER_PATHS = NO;
				CLANG_ANALYZER_NONNULL = YES;
				CLANG_ANALYZER_NUMBER_OBJECT_CONVERSION = YES_AGGRESSIVE;
				CLANG_CXX_LANGUAGE_STANDARD = "gnu++20";
				CLANG_ENABLE_MODULES = YES;
				CLANG_ENABLE_OBJC_ARC = YES;
				CLANG_ENABLE_OBJC_WEAK = YES;
				CLANG_WARN_BLOCK_CAPTURE_AUTORELEASING = YES;
				CLANG_WARN_BOOL_CONVERSION = YES;
				CLANG_WARN_COMMA = YES;
				CLANG_WARN_CONSTANT_CONVERSION = YES;
				CLANG_WARN_DEPRECATED_OBJC_IMPLEMENTATIONS = YES;
				CLANG_WARN_DIRECT_OBJC_ISA_USAGE = YES_ERROR;
				CLANG_WARN_DOCUMENTATION_COMMENTS = YES;
				CLANG_WARN_EMPTY_BODY = YES;
				CLANG_WARN_ENUM_CONVERSION = YES;
				CLANG_WARN_INFINITE_RECURSION = YES;
				CLANG_WARN_INT_CONVERSION = YES;
				CLANG_WARN_NON_LITERAL_NULL_CONVERSION = YES;
				CLANG_WARN_OBJC_IMPLICIT_RETAIN_SELF = YES;
				CLANG_WARN_OBJC_LITERAL_CONVERSION = YES;
				CLANG_WARN_OBJC_ROOT_CLASS = YES_ERROR;
				CLANG_WARN_QUOTED_INCLUDE_IN_FRAMEWORK_HEADER = YES;
				CLANG_WARN_RANGE_LOOP_ANALYSIS = YES;
				CLANG_WARN_STRICT_PROTOTYPES = YES;
				CLANG_WARN_SUSPICIOUS_MOVE = YES;
				CLANG_WARN_UNGUARDED_AVAILABILITY = YES_AGGRESSIVE;
				CLANG_WARN_UNREACHABLE_CODE = YES;
				CLANG_WARN__DUPLICATE_METHOD_MATCH = YES;
				COPY_PHASE_STRIP = NO;
				DEBUG_INFORMATION_FORMAT = "dwarf-with-dsym";
				ENABLE_NS_ASSERTIONS = NO;
				ENABLE_STRICT_OBJC_MSGSEND = YES;
				GCC_C_LANGUAGE_STANDARD = gnu11;
				GCC_NO_COMMON_BLOCKS = YES;
				GCC_WARN_64_TO_32_BIT_CONVERSION = YES;
				GCC_WARN_ABOUT_RETURN_TYPE = YES_ERROR;
				GCC_WARN_UNDECLARED_SELECTOR = YES;
				GCC_WARN_UNINITIALIZED_AUTOS = YES_AGGRESSIVE;
				GCC_WARN_UNUSED_FUNCTION = YES;
				GCC_WARN_UNUSED_VARIABLE = YES;
				IPHONEOS_DEPLOYMENT_TARGET = 14.0;
				MTL_ENABLE_DEBUG_INFO = NO;
				MTL_FAST_MATH = YES;
				SDKROOT = iphoneos;
				SWIFT_COMPILATION_MODE = wholemodule;
				SWIFT_OPTIMIZATION_LEVEL = "-O";
				VALIDATE_PRODUCT = YES;
			};
			name = Release;
		};
		935560E02935912300CD66C2 /* Debug */ = {
			isa = XCBuildConfiguration;
			buildSettings = {
				ASSETCATALOG_COMPILER_APPICON_NAME = AppIcon;
				ASSETCATALOG_COMPILER_GLOBAL_ACCENT_COLOR_NAME = AccentColor;
				CODE_SIGN_STYLE = Automatic;
				CURRENT_PROJECT_VERSION = 1;
				DEVELOPMENT_ASSET_PATHS = "\"Bamboo/Preview Content\"";
				DEVELOPMENT_TEAM = 56V747V83R;
				ENABLE_PREVIEWS = YES;
				GENERATE_INFOPLIST_FILE = YES;
				INFOPLIST_KEY_CFBundleDisplayName = "대대숲";
				INFOPLIST_KEY_UIApplicationSceneManifest_Generation = YES;
				INFOPLIST_KEY_UIApplicationSupportsIndirectInputEvents = YES;
				INFOPLIST_KEY_UILaunchScreen_Generation = YES;
				INFOPLIST_KEY_UISupportedInterfaceOrientations = UIInterfaceOrientationPortrait;
				INFOPLIST_KEY_UISupportedInterfaceOrientations_iPad = "UIInterfaceOrientationLandscapeLeft UIInterfaceOrientationLandscapeRight UIInterfaceOrientationPortrait UIInterfaceOrientationPortraitUpsideDown";
				IPHONEOS_DEPLOYMENT_TARGET = 14;
				LD_RUNPATH_SEARCH_PATHS = (
					"$(inherited)",
					"@executable_path/Frameworks",
				);
				MARKETING_VERSION = 1.0;
				PRODUCT_BUNDLE_IDENTIFIER = kr.hs.dgsw.Bamboo;
				PRODUCT_NAME = "$(TARGET_NAME)";
				SWIFT_EMIT_LOC_STRINGS = YES;
				SWIFT_VERSION = 5.0;
				TARGETED_DEVICE_FAMILY = "1,2";
			};
			name = Debug;
		};
		935560E12935912300CD66C2 /* Release */ = {
			isa = XCBuildConfiguration;
			buildSettings = {
				ASSETCATALOG_COMPILER_APPICON_NAME = AppIcon;
				ASSETCATALOG_COMPILER_GLOBAL_ACCENT_COLOR_NAME = AccentColor;
				CODE_SIGN_STYLE = Automatic;
				CURRENT_PROJECT_VERSION = 1;
				DEVELOPMENT_ASSET_PATHS = "\"Bamboo/Preview Content\"";
				DEVELOPMENT_TEAM = 56V747V83R;
				ENABLE_PREVIEWS = YES;
				GENERATE_INFOPLIST_FILE = YES;
				INFOPLIST_KEY_CFBundleDisplayName = "대대숲";
				INFOPLIST_KEY_UIApplicationSceneManifest_Generation = YES;
				INFOPLIST_KEY_UIApplicationSupportsIndirectInputEvents = YES;
				INFOPLIST_KEY_UILaunchScreen_Generation = YES;
				INFOPLIST_KEY_UISupportedInterfaceOrientations = UIInterfaceOrientationPortrait;
				INFOPLIST_KEY_UISupportedInterfaceOrientations_iPad = "UIInterfaceOrientationLandscapeLeft UIInterfaceOrientationLandscapeRight UIInterfaceOrientationPortrait UIInterfaceOrientationPortraitUpsideDown";
				IPHONEOS_DEPLOYMENT_TARGET = 14;
				LD_RUNPATH_SEARCH_PATHS = (
					"$(inherited)",
					"@executable_path/Frameworks",
				);
				MARKETING_VERSION = 1.0;
				PRODUCT_BUNDLE_IDENTIFIER = kr.hs.dgsw.Bamboo;
				PRODUCT_NAME = "$(TARGET_NAME)";
				SWIFT_EMIT_LOC_STRINGS = YES;
				SWIFT_VERSION = 5.0;
				TARGETED_DEVICE_FAMILY = "1,2";
			};
			name = Release;
		};
/* End XCBuildConfiguration section */

/* Begin XCConfigurationList section */
		935560CC2935912200CD66C2 /* Build configuration list for PBXProject "Bamboo" */ = {
			isa = XCConfigurationList;
			buildConfigurations = (
				935560DD2935912300CD66C2 /* Debug */,
				935560DE2935912300CD66C2 /* Release */,
			);
			defaultConfigurationIsVisible = 0;
			defaultConfigurationName = Release;
		};
		935560DF2935912300CD66C2 /* Build configuration list for PBXNativeTarget "Bamboo" */ = {
			isa = XCConfigurationList;
			buildConfigurations = (
				935560E02935912300CD66C2 /* Debug */,
				935560E12935912300CD66C2 /* Release */,
			);
			defaultConfigurationIsVisible = 0;
			defaultConfigurationName = Release;
		};
/* End XCConfigurationList section */

/* Begin XCRemoteSwiftPackageReference section */
		935560F729359C5200CD66C2 /* XCRemoteSwiftPackageReference "Alamofire" */ = {
			isa = XCRemoteSwiftPackageReference;
			repositoryURL = "https://github.com/Alamofire/Alamofire";
			requirement = {
				branch = master;
				kind = branch;
			};
		};
		935560FF29359CB500CD66C2 /* XCRemoteSwiftPackageReference "realm-swift" */ = {
			isa = XCRemoteSwiftPackageReference;
			repositoryURL = "https://github.com/realm/realm-swift";
			requirement = {
				branch = master;
				kind = branch;
			};
		};
		936459CE29A0C8EF00A15CCF /* XCRemoteSwiftPackageReference "LinkNavigator" */ = {
			isa = XCRemoteSwiftPackageReference;
			repositoryURL = "https://github.com/interactord/LinkNavigator.git";
			requirement = {
				kind = upToNextMajorVersion;
				minimumVersion = 0.5.4;
			};
		};
/* End XCRemoteSwiftPackageReference section */

/* Begin XCSwiftPackageProductDependency section */
		935560F829359C5200CD66C2 /* Alamofire */ = {
			isa = XCSwiftPackageProductDependency;
			package = 935560F729359C5200CD66C2 /* XCRemoteSwiftPackageReference "Alamofire" */;
			productName = Alamofire;
		};
		9355610029359CB500CD66C2 /* RealmSwift */ = {
			isa = XCSwiftPackageProductDependency;
			package = 935560FF29359CB500CD66C2 /* XCRemoteSwiftPackageReference "realm-swift" */;
			productName = RealmSwift;
		};
		936459CF29A0C8EF00A15CCF /* LinkNavigator */ = {
			isa = XCSwiftPackageProductDependency;
			package = 936459CE29A0C8EF00A15CCF /* XCRemoteSwiftPackageReference "LinkNavigator" */;
			productName = LinkNavigator;
		};
/* End XCSwiftPackageProductDependency section */
	};
	rootObject = 935560C92935912200CD66C2 /* Project object */;
}
