// !$*UTF8*$!
{
	archiveVersion = 1;
	classes = {
	};
	objectVersion = 56;
	objects = {

/* Begin PBXBuildFile section */
		935560D72935912200CD66C2 /* ListView.swift in Sources */ = {isa = PBXBuildFile; fileRef = 935560D62935912200CD66C2 /* ListView.swift */; };
		935560D92935912300CD66C2 /* Assets.xcassets in Resources */ = {isa = PBXBuildFile; fileRef = 935560D82935912300CD66C2 /* Assets.xcassets */; };
		935560F929359C5200CD66C2 /* Alamofire in Frameworks */ = {isa = PBXBuildFile; productRef = 935560F829359C5200CD66C2 /* Alamofire */; };
		936459C929A0C84A00A15CCF /* Button.swift in Sources */ = {isa = PBXBuildFile; fileRef = 936459C829A0C84A00A15CCF /* Button.swift */; };
		936459CB29A0C88200A15CCF /* Radio.swift in Sources */ = {isa = PBXBuildFile; fileRef = 936459CA29A0C88200A15CCF /* Radio.swift */; };
		936459CD29A0C89200A15CCF /* Navigation.swift in Sources */ = {isa = PBXBuildFile; fileRef = 936459CC29A0C89200A15CCF /* Navigation.swift */; };
		936459D029A0C8EF00A15CCF /* LinkNavigator in Frameworks */ = {isa = PBXBuildFile; productRef = 936459CF29A0C8EF00A15CCF /* LinkNavigator */; };
		936459DA29A0CC7C00A15CCF /* TextExt.swift in Sources */ = {isa = PBXBuildFile; fileRef = 936459D929A0CC7C00A15CCF /* TextExt.swift */; };
		936459DE29A0CE3600A15CCF /* Assets.swift in Sources */ = {isa = PBXBuildFile; fileRef = 936459DD29A0CE3600A15CCF /* Assets.swift */; };
		936459E029A0D4A900A15CCF /* ViewExt.swift in Sources */ = {isa = PBXBuildFile; fileRef = 936459DF29A0D4A900A15CCF /* ViewExt.swift */; };
		936459E229A0F28400A15CCF /* Haptic.swift in Sources */ = {isa = PBXBuildFile; fileRef = 936459E129A0F28400A15CCF /* Haptic.swift */; };
		936459E429A0F2D500A15CCF /* ButtonExt.swift in Sources */ = {isa = PBXBuildFile; fileRef = 936459E329A0F2D500A15CCF /* ButtonExt.swift */; };
		939F7A9029A47FCB002AE93E /* AppDependency.swift in Sources */ = {isa = PBXBuildFile; fileRef = 939F7A8F29A47FCB002AE93E /* AppDependency.swift */; };
		939F7A9229A47FD9002AE93E /* AppRouterGroup.swift in Sources */ = {isa = PBXBuildFile; fileRef = 939F7A9129A47FD9002AE93E /* AppRouterGroup.swift */; };
		939F7A9429A47FF3002AE93E /* AppDelegate.swift in Sources */ = {isa = PBXBuildFile; fileRef = 939F7A9329A47FF3002AE93E /* AppDelegate.swift */; };
		939F7A9629A48006002AE93E /* AppMain.swift in Sources */ = {isa = PBXBuildFile; fileRef = 939F7A9529A48006002AE93E /* AppMain.swift */; };
		939F7A9829A480F5002AE93E /* ListRouteBuilder.swift in Sources */ = {isa = PBXBuildFile; fileRef = 939F7A9729A480F5002AE93E /* ListRouteBuilder.swift */; };
		939F7A9A29A4884C002AE93E /* LoginRouteBuilder.swift in Sources */ = {isa = PBXBuildFile; fileRef = 939F7A9929A4884B002AE93E /* LoginRouteBuilder.swift */; };
		939F7A9C29A4AA14002AE93E /* ProfileCardView.swift in Sources */ = {isa = PBXBuildFile; fileRef = 939F7A9B29A4AA14002AE93E /* ProfileCardView.swift */; };
		939F7AA729A51667002AE93E /* Interceptor.swift in Sources */ = {isa = PBXBuildFile; fileRef = 939F7AA629A51667002AE93E /* Interceptor.swift */; };
		939F7AA929A5168A002AE93E /* TokenManager.swift in Sources */ = {isa = PBXBuildFile; fileRef = 939F7AA829A5168A002AE93E /* TokenManager.swift */; };
		939F7AAB29A51F7E002AE93E /* Request.swift in Sources */ = {isa = PBXBuildFile; fileRef = 939F7AAA29A51F7E002AE93E /* Request.swift */; };
		939F7AB129A528D8002AE93E /* Image.swift in Sources */ = {isa = PBXBuildFile; fileRef = 939F7AB029A528D8002AE93E /* Image.swift */; };
		939F7AB429A5494D002AE93E /* SearchView.swift in Sources */ = {isa = PBXBuildFile; fileRef = 939F7AB329A5494D002AE93E /* SearchView.swift */; };
		939F7AB629A54953002AE93E /* SearchRouteBuilder.swift in Sources */ = {isa = PBXBuildFile; fileRef = 939F7AB529A54953002AE93E /* SearchRouteBuilder.swift */; };
		939F7AB929A5517D002AE93E /* PostView.swift in Sources */ = {isa = PBXBuildFile; fileRef = 939F7AB829A5517D002AE93E /* PostView.swift */; };
		939F7ABB29A55183002AE93E /* PostRouteBuilder.swift in Sources */ = {isa = PBXBuildFile; fileRef = 939F7ABA29A55183002AE93E /* PostRouteBuilder.swift */; };
		939F7ABD29A559D2002AE93E /* PostModel.swift in Sources */ = {isa = PBXBuildFile; fileRef = 939F7ABC29A559D2002AE93E /* PostModel.swift */; };
		93B8D6ED29A7C66F0056E2FD /* ProfileView.swift in Sources */ = {isa = PBXBuildFile; fileRef = 93B8D6EC29A7C66F0056E2FD /* ProfileView.swift */; };
		93CE181929A20A4D00A5C8A2 /* Kingfisher in Frameworks */ = {isa = PBXBuildFile; productRef = 93CE181829A20A4D00A5C8A2 /* Kingfisher */; };
		93CE181B29A2570E00A5C8A2 /* ListModel.swift in Sources */ = {isa = PBXBuildFile; fileRef = 93CE181A29A2570E00A5C8A2 /* ListModel.swift */; };
		93CE182029A258E000A5C8A2 /* LoginView.swift in Sources */ = {isa = PBXBuildFile; fileRef = 93CE181F29A258E000A5C8A2 /* LoginView.swift */; };
		93CE182229A258E800A5C8A2 /* LoginModel.swift in Sources */ = {isa = PBXBuildFile; fileRef = 93CE182129A258E800A5C8A2 /* LoginModel.swift */; };
		93CE182529A25AD800A5C8A2 /* Constants.swift in Sources */ = {isa = PBXBuildFile; fileRef = 93CE182429A25AD800A5C8A2 /* Constants.swift */; };
		93D742AD29A9CC3100CEBF47 /* PartialSheet in Frameworks */ = {isa = PBXBuildFile; productRef = 93D742AC29A9CC3100CEBF47 /* PartialSheet */; };
		93D742B529AB3E2900CEBF47 /* CommentView.swift in Sources */ = {isa = PBXBuildFile; fileRef = 93D742B429AB3E2900CEBF47 /* CommentView.swift */; };
		93D742B729AB3E2F00CEBF47 /* CommentModel.swift in Sources */ = {isa = PBXBuildFile; fileRef = 93D742B629AB3E2F00CEBF47 /* CommentModel.swift */; };
		93D8A37529A37DBA007498F0 /* ProfileSelectionView.swift in Sources */ = {isa = PBXBuildFile; fileRef = 93D8A37429A37DBA007498F0 /* ProfileSelectionView.swift */; };
/* End PBXBuildFile section */

/* Begin PBXFileReference section */
		935560D12935912200CD66C2 /* Bamboo.app */ = {isa = PBXFileReference; explicitFileType = wrapper.application; includeInIndex = 0; path = Bamboo.app; sourceTree = BUILT_PRODUCTS_DIR; };
		935560D62935912200CD66C2 /* ListView.swift */ = {isa = PBXFileReference; lastKnownFileType = sourcecode.swift; path = ListView.swift; sourceTree = "<group>"; };
		935560D82935912300CD66C2 /* Assets.xcassets */ = {isa = PBXFileReference; lastKnownFileType = folder.assetcatalog; path = Assets.xcassets; sourceTree = "<group>"; };
		935560E22935913600CD66C2 /* README.md */ = {isa = PBXFileReference; lastKnownFileType = net.daringfireball.markdown; path = README.md; sourceTree = "<group>"; };
		936459C829A0C84A00A15CCF /* Button.swift */ = {isa = PBXFileReference; lastKnownFileType = sourcecode.swift; path = Button.swift; sourceTree = "<group>"; };
		936459CA29A0C88200A15CCF /* Radio.swift */ = {isa = PBXFileReference; lastKnownFileType = sourcecode.swift; path = Radio.swift; sourceTree = "<group>"; };
		936459CC29A0C89200A15CCF /* Navigation.swift */ = {isa = PBXFileReference; lastKnownFileType = sourcecode.swift; path = Navigation.swift; sourceTree = "<group>"; };
		936459D929A0CC7C00A15CCF /* TextExt.swift */ = {isa = PBXFileReference; lastKnownFileType = sourcecode.swift; path = TextExt.swift; sourceTree = "<group>"; };
		936459DD29A0CE3600A15CCF /* Assets.swift */ = {isa = PBXFileReference; lastKnownFileType = sourcecode.swift; path = Assets.swift; sourceTree = "<group>"; };
		936459DF29A0D4A900A15CCF /* ViewExt.swift */ = {isa = PBXFileReference; lastKnownFileType = sourcecode.swift; path = ViewExt.swift; sourceTree = "<group>"; };
		936459E129A0F28400A15CCF /* Haptic.swift */ = {isa = PBXFileReference; lastKnownFileType = sourcecode.swift; path = Haptic.swift; sourceTree = "<group>"; };
		936459E329A0F2D500A15CCF /* ButtonExt.swift */ = {isa = PBXFileReference; lastKnownFileType = sourcecode.swift; path = ButtonExt.swift; sourceTree = "<group>"; };
		939F7A8F29A47FCB002AE93E /* AppDependency.swift */ = {isa = PBXFileReference; lastKnownFileType = sourcecode.swift; path = AppDependency.swift; sourceTree = "<group>"; };
		939F7A9129A47FD9002AE93E /* AppRouterGroup.swift */ = {isa = PBXFileReference; lastKnownFileType = sourcecode.swift; path = AppRouterGroup.swift; sourceTree = "<group>"; };
		939F7A9329A47FF3002AE93E /* AppDelegate.swift */ = {isa = PBXFileReference; lastKnownFileType = sourcecode.swift; path = AppDelegate.swift; sourceTree = "<group>"; };
		939F7A9529A48006002AE93E /* AppMain.swift */ = {isa = PBXFileReference; lastKnownFileType = sourcecode.swift; path = AppMain.swift; sourceTree = "<group>"; };
		939F7A9729A480F5002AE93E /* ListRouteBuilder.swift */ = {isa = PBXFileReference; lastKnownFileType = sourcecode.swift; path = ListRouteBuilder.swift; sourceTree = "<group>"; };
		939F7A9929A4884B002AE93E /* LoginRouteBuilder.swift */ = {isa = PBXFileReference; lastKnownFileType = sourcecode.swift; path = LoginRouteBuilder.swift; sourceTree = "<group>"; };
		939F7A9B29A4AA14002AE93E /* ProfileCardView.swift */ = {isa = PBXFileReference; lastKnownFileType = sourcecode.swift; path = ProfileCardView.swift; sourceTree = "<group>"; };
		939F7AA629A51667002AE93E /* Interceptor.swift */ = {isa = PBXFileReference; lastKnownFileType = sourcecode.swift; path = Interceptor.swift; sourceTree = "<group>"; };
		939F7AA829A5168A002AE93E /* TokenManager.swift */ = {isa = PBXFileReference; lastKnownFileType = sourcecode.swift; path = TokenManager.swift; sourceTree = "<group>"; };
		939F7AAA29A51F7E002AE93E /* Request.swift */ = {isa = PBXFileReference; lastKnownFileType = sourcecode.swift; path = Request.swift; sourceTree = "<group>"; };
		939F7AB029A528D8002AE93E /* Image.swift */ = {isa = PBXFileReference; lastKnownFileType = sourcecode.swift; path = Image.swift; sourceTree = "<group>"; };
		939F7AB329A5494D002AE93E /* SearchView.swift */ = {isa = PBXFileReference; lastKnownFileType = sourcecode.swift; path = SearchView.swift; sourceTree = "<group>"; };
		939F7AB529A54953002AE93E /* SearchRouteBuilder.swift */ = {isa = PBXFileReference; lastKnownFileType = sourcecode.swift; path = SearchRouteBuilder.swift; sourceTree = "<group>"; };
		939F7AB829A5517D002AE93E /* PostView.swift */ = {isa = PBXFileReference; lastKnownFileType = sourcecode.swift; path = PostView.swift; sourceTree = "<group>"; };
		939F7ABA29A55183002AE93E /* PostRouteBuilder.swift */ = {isa = PBXFileReference; lastKnownFileType = sourcecode.swift; path = PostRouteBuilder.swift; sourceTree = "<group>"; };
		939F7ABC29A559D2002AE93E /* PostModel.swift */ = {isa = PBXFileReference; lastKnownFileType = sourcecode.swift; path = PostModel.swift; sourceTree = "<group>"; };
		93B8D6EC29A7C66F0056E2FD /* ProfileView.swift */ = {isa = PBXFileReference; lastKnownFileType = sourcecode.swift; path = ProfileView.swift; sourceTree = "<group>"; };
		93CE181629A20A0F00A5C8A2 /* Info.plist */ = {isa = PBXFileReference; lastKnownFileType = text.plist; path = Info.plist; sourceTree = "<group>"; };
		93CE181A29A2570E00A5C8A2 /* ListModel.swift */ = {isa = PBXFileReference; lastKnownFileType = sourcecode.swift; path = ListModel.swift; sourceTree = "<group>"; };
		93CE181F29A258E000A5C8A2 /* LoginView.swift */ = {isa = PBXFileReference; lastKnownFileType = sourcecode.swift; path = LoginView.swift; sourceTree = "<group>"; };
		93CE182129A258E800A5C8A2 /* LoginModel.swift */ = {isa = PBXFileReference; lastKnownFileType = sourcecode.swift; path = LoginModel.swift; sourceTree = "<group>"; };
		93CE182429A25AD800A5C8A2 /* Constants.swift */ = {isa = PBXFileReference; lastKnownFileType = sourcecode.swift; path = Constants.swift; sourceTree = "<group>"; };
		93D742B429AB3E2900CEBF47 /* CommentView.swift */ = {isa = PBXFileReference; lastKnownFileType = sourcecode.swift; path = CommentView.swift; sourceTree = "<group>"; };
		93D742B629AB3E2F00CEBF47 /* CommentModel.swift */ = {isa = PBXFileReference; lastKnownFileType = sourcecode.swift; path = CommentModel.swift; sourceTree = "<group>"; };
		93D8A37429A37DBA007498F0 /* ProfileSelectionView.swift */ = {isa = PBXFileReference; lastKnownFileType = sourcecode.swift; path = ProfileSelectionView.swift; sourceTree = "<group>"; };
/* End PBXFileReference section */

/* Begin PBXFrameworksBuildPhase section */
		935560CE2935912200CD66C2 /* Frameworks */ = {
			isa = PBXFrameworksBuildPhase;
			buildActionMask = 2147483647;
			files = (
				935560F929359C5200CD66C2 /* Alamofire in Frameworks */,
				936459D029A0C8EF00A15CCF /* LinkNavigator in Frameworks */,
				93D742AD29A9CC3100CEBF47 /* PartialSheet in Frameworks */,
				93CE181929A20A4D00A5C8A2 /* Kingfisher in Frameworks */,
			);
			runOnlyForDeploymentPostprocessing = 0;
		};
/* End PBXFrameworksBuildPhase section */

/* Begin PBXGroup section */
		935560C82935912200CD66C2 = {
			isa = PBXGroup;
			children = (
				935560E22935913600CD66C2 /* README.md */,
				935560D32935912200CD66C2 /* Bamboo */,
				935560D22935912200CD66C2 /* Products */,
			);
			sourceTree = "<group>";
		};
		935560D22935912200CD66C2 /* Products */ = {
			isa = PBXGroup;
			children = (
				935560D12935912200CD66C2 /* Bamboo.app */,
			);
			name = Products;
			sourceTree = "<group>";
		};
		935560D32935912200CD66C2 /* Bamboo */ = {
			isa = PBXGroup;
			children = (
				93CE181629A20A0F00A5C8A2 /* Info.plist */,
				936459C529A0C80700A15CCF /* Resources */,
				936459C629A0C81A00A15CCF /* Sources */,
				935560DA2935912300CD66C2 /* Preview Content */,
			);
			path = Bamboo;
			sourceTree = "<group>";
		};
		935560DA2935912300CD66C2 /* Preview Content */ = {
			isa = PBXGroup;
			children = (
			);
			path = "Preview Content";
			sourceTree = "<group>";
		};
		936459C529A0C80700A15CCF /* Resources */ = {
			isa = PBXGroup;
			children = (
				935560D82935912300CD66C2 /* Assets.xcassets */,
				936459DD29A0CE3600A15CCF /* Assets.swift */,
				939F7AA329A51658002AE93E /* Network */,
				939F7A8E29A47FB8002AE93E /* Navigator */,
				93CE181D29A2588300A5C8A2 /* Components */,
				93CE181C29A2587000A5C8A2 /* Extensions */,
			);
			path = Resources;
			sourceTree = "<group>";
		};
		936459C629A0C81A00A15CCF /* Sources */ = {
			isa = PBXGroup;
			children = (
				936459D329A0CA3D00A15CCF /* List */,
				93D742AE29A9ECC200CEBF47 /* Profile */,
				939F7AB729A55173002AE93E /* Post */,
				93D742B129AB3E1400CEBF47 /* Comment */,
				939F7AB229A54943002AE93E /* Search */,
				93CE181E29A258C600A5C8A2 /* Login */,
			);
			path = Sources;
			sourceTree = "<group>";
		};
		936459D329A0CA3D00A15CCF /* List */ = {
			isa = PBXGroup;
			children = (
				935560D62935912200CD66C2 /* ListView.swift */,
				939F7A9729A480F5002AE93E /* ListRouteBuilder.swift */,
				93CE181A29A2570E00A5C8A2 /* ListModel.swift */,
			);
			path = List;
			sourceTree = "<group>";
		};
		939F7A8E29A47FB8002AE93E /* Navigator */ = {
			isa = PBXGroup;
			children = (
				939F7A9329A47FF3002AE93E /* AppDelegate.swift */,
				939F7A9529A48006002AE93E /* AppMain.swift */,
				939F7A8F29A47FCB002AE93E /* AppDependency.swift */,
				939F7A9129A47FD9002AE93E /* AppRouterGroup.swift */,
			);
			path = Navigator;
			sourceTree = "<group>";
		};
		939F7AA329A51658002AE93E /* Network */ = {
			isa = PBXGroup;
			children = (
				93CE182429A25AD800A5C8A2 /* Constants.swift */,
				939F7AAA29A51F7E002AE93E /* Request.swift */,
				939F7AA629A51667002AE93E /* Interceptor.swift */,
				939F7AA829A5168A002AE93E /* TokenManager.swift */,
			);
			path = Network;
			sourceTree = "<group>";
		};
		939F7AAE29A528B3002AE93E /* View */ = {
			isa = PBXGroup;
			children = (
				936459CC29A0C89200A15CCF /* Navigation.swift */,
				936459CA29A0C88200A15CCF /* Radio.swift */,
				936459C829A0C84A00A15CCF /* Button.swift */,
				939F7AB029A528D8002AE93E /* Image.swift */,
			);
			path = View;
			sourceTree = "<group>";
		};
		939F7AAF29A528BD002AE93E /* Device */ = {
			isa = PBXGroup;
			children = (
				936459E129A0F28400A15CCF /* Haptic.swift */,
			);
			path = Device;
			sourceTree = "<group>";
		};
		939F7AB229A54943002AE93E /* Search */ = {
			isa = PBXGroup;
			children = (
				939F7AB329A5494D002AE93E /* SearchView.swift */,
				939F7AB529A54953002AE93E /* SearchRouteBuilder.swift */,
			);
			path = Search;
			sourceTree = "<group>";
		};
		939F7AB729A55173002AE93E /* Post */ = {
			isa = PBXGroup;
			children = (
				939F7AB829A5517D002AE93E /* PostView.swift */,
				939F7ABA29A55183002AE93E /* PostRouteBuilder.swift */,
				939F7ABC29A559D2002AE93E /* PostModel.swift */,
			);
			path = Post;
			sourceTree = "<group>";
		};
		93CE181C29A2587000A5C8A2 /* Extensions */ = {
			isa = PBXGroup;
			children = (
				936459E329A0F2D500A15CCF /* ButtonExt.swift */,
				936459D929A0CC7C00A15CCF /* TextExt.swift */,
				936459DF29A0D4A900A15CCF /* ViewExt.swift */,
			);
			path = Extensions;
			sourceTree = "<group>";
		};
		93CE181D29A2588300A5C8A2 /* Components */ = {
			isa = PBXGroup;
			children = (
				939F7AAE29A528B3002AE93E /* View */,
				939F7AAF29A528BD002AE93E /* Device */,
			);
			path = Components;
			sourceTree = "<group>";
		};
		93CE181E29A258C600A5C8A2 /* Login */ = {
			isa = PBXGroup;
			children = (
				93CE181F29A258E000A5C8A2 /* LoginView.swift */,
				939F7A9929A4884B002AE93E /* LoginRouteBuilder.swift */,
				93CE182129A258E800A5C8A2 /* LoginModel.swift */,
			);
			path = Login;
			sourceTree = "<group>";
		};
		93D742AE29A9ECC200CEBF47 /* Profile */ = {
			isa = PBXGroup;
			children = (
				93B8D6EC29A7C66F0056E2FD /* ProfileView.swift */,
				93D8A37429A37DBA007498F0 /* ProfileSelectionView.swift */,
				939F7A9B29A4AA14002AE93E /* ProfileCardView.swift */,
			);
			path = Profile;
			sourceTree = "<group>";
		};
		93D742B129AB3E1400CEBF47 /* Comment */ = {
			isa = PBXGroup;
			children = (
				93D742B429AB3E2900CEBF47 /* CommentView.swift */,
				93D742B629AB3E2F00CEBF47 /* CommentModel.swift */,
			);
			path = Comment;
			sourceTree = "<group>";
		};
/* End PBXGroup section */

/* Begin PBXNativeTarget section */
		935560D02935912200CD66C2 /* Bamboo */ = {
			isa = PBXNativeTarget;
			buildConfigurationList = 935560DF2935912300CD66C2 /* Build configuration list for PBXNativeTarget "Bamboo" */;
			buildPhases = (
				935560CD2935912200CD66C2 /* Sources */,
				935560CE2935912200CD66C2 /* Frameworks */,
				935560CF2935912200CD66C2 /* Resources */,
			);
			buildRules = (
			);
			dependencies = (
			);
			name = Bamboo;
			packageProductDependencies = (
				935560F829359C5200CD66C2 /* Alamofire */,
				936459CF29A0C8EF00A15CCF /* LinkNavigator */,
				93CE181829A20A4D00A5C8A2 /* Kingfisher */,
				93D742AC29A9CC3100CEBF47 /* PartialSheet */,
			);
			productName = Bamboo;
			productReference = 935560D12935912200CD66C2 /* Bamboo.app */;
			productType = "com.apple.product-type.application";
		};
/* End PBXNativeTarget section */

/* Begin PBXProject section */
		935560C92935912200CD66C2 /* Project object */ = {
			isa = PBXProject;
			attributes = {
				BuildIndependentTargetsInParallel = 1;
				LastSwiftUpdateCheck = 1410;
				LastUpgradeCheck = 1410;
				TargetAttributes = {
					935560D02935912200CD66C2 = {
						CreatedOnToolsVersion = 14.1;
					};
				};
			};
			buildConfigurationList = 935560CC2935912200CD66C2 /* Build configuration list for PBXProject "Bamboo" */;
			compatibilityVersion = "Xcode 14.0";
			developmentRegion = en;
			hasScannedForEncodings = 0;
			knownRegions = (
				en,
				Base,
			);
			mainGroup = 935560C82935912200CD66C2;
			packageReferences = (
				935560F729359C5200CD66C2 /* XCRemoteSwiftPackageReference "Alamofire" */,
				936459CE29A0C8EF00A15CCF /* XCRemoteSwiftPackageReference "LinkNavigator" */,
				93CE181729A20A4D00A5C8A2 /* XCRemoteSwiftPackageReference "Kingfisher" */,
				93D742AB29A9CC3100CEBF47 /* XCRemoteSwiftPackageReference "PartialSheet" */,
			);
			productRefGroup = 935560D22935912200CD66C2 /* Products */;
			projectDirPath = "";
			projectRoot = "";
			targets = (
				935560D02935912200CD66C2 /* Bamboo */,
			);
		};
/* End PBXProject section */

/* Begin PBXResourcesBuildPhase section */
		935560CF2935912200CD66C2 /* Resources */ = {
			isa = PBXResourcesBuildPhase;
			buildActionMask = 2147483647;
			files = (
				935560D92935912300CD66C2 /* Assets.xcassets in Resources */,
			);
			runOnlyForDeploymentPostprocessing = 0;
		};
/* End PBXResourcesBuildPhase section */

/* Begin PBXSourcesBuildPhase section */
		935560CD2935912200CD66C2 /* Sources */ = {
			isa = PBXSourcesBuildPhase;
			buildActionMask = 2147483647;
			files = (
				93CE182029A258E000A5C8A2 /* LoginView.swift in Sources */,
				939F7A9A29A4884C002AE93E /* LoginRouteBuilder.swift in Sources */,
				939F7ABD29A559D2002AE93E /* PostModel.swift in Sources */,
				939F7ABB29A55183002AE93E /* PostRouteBuilder.swift in Sources */,
				939F7A9229A47FD9002AE93E /* AppRouterGroup.swift in Sources */,
				93CE182229A258E800A5C8A2 /* LoginModel.swift in Sources */,
				936459CB29A0C88200A15CCF /* Radio.swift in Sources */,
				939F7AA729A51667002AE93E /* Interceptor.swift in Sources */,
				936459C929A0C84A00A15CCF /* Button.swift in Sources */,
				93D742B529AB3E2900CEBF47 /* CommentView.swift in Sources */,
				93CE182529A25AD800A5C8A2 /* Constants.swift in Sources */,
				936459DA29A0CC7C00A15CCF /* TextExt.swift in Sources */,
				939F7A9629A48006002AE93E /* AppMain.swift in Sources */,
				936459E229A0F28400A15CCF /* Haptic.swift in Sources */,
				936459CD29A0C89200A15CCF /* Navigation.swift in Sources */,
				939F7AAB29A51F7E002AE93E /* Request.swift in Sources */,
				936459E429A0F2D500A15CCF /* ButtonExt.swift in Sources */,
				936459E029A0D4A900A15CCF /* ViewExt.swift in Sources */,
				939F7AB629A54953002AE93E /* SearchRouteBuilder.swift in Sources */,
				93CE181B29A2570E00A5C8A2 /* ListModel.swift in Sources */,
				939F7A9429A47FF3002AE93E /* AppDelegate.swift in Sources */,
				939F7AB929A5517D002AE93E /* PostView.swift in Sources */,
				939F7A9829A480F5002AE93E /* ListRouteBuilder.swift in Sources */,
				939F7A9C29A4AA14002AE93E /* ProfileCardView.swift in Sources */,
				939F7AB429A5494D002AE93E /* SearchView.swift in Sources */,
				93B8D6ED29A7C66F0056E2FD /* ProfileView.swift in Sources */,
				939F7AB129A528D8002AE93E /* Image.swift in Sources */,
				93D742B729AB3E2F00CEBF47 /* CommentModel.swift in Sources */,
				939F7AA929A5168A002AE93E /* TokenManager.swift in Sources */,
				936459DE29A0CE3600A15CCF /* Assets.swift in Sources */,
				935560D72935912200CD66C2 /* ListView.swift in Sources */,
				93D8A37529A37DBA007498F0 /* ProfileSelectionView.swift in Sources */,
				939F7A9029A47FCB002AE93E /* AppDependency.swift in Sources */,
			);
			runOnlyForDeploymentPostprocessing = 0;
		};
/* End PBXSourcesBuildPhase section */

/* Begin XCBuildConfiguration section */
		935560DD2935912300CD66C2 /* Debug */ = {
			isa = XCBuildConfiguration;
			buildSettings = {
				ALWAYS_SEARCH_USER_PATHS = NO;
				CLANG_ANALYZER_NONNULL = YES;
				CLANG_ANALYZER_NUMBER_OBJECT_CONVERSION = YES_AGGRESSIVE;
				CLANG_CXX_LANGUAGE_STANDARD = "gnu++20";
				CLANG_ENABLE_MODULES = YES;
				CLANG_ENABLE_OBJC_ARC = YES;
				CLANG_ENABLE_OBJC_WEAK = YES;
				CLANG_WARN_BLOCK_CAPTURE_AUTORELEASING = YES;
				CLANG_WARN_BOOL_CONVERSION = YES;
				CLANG_WARN_COMMA = YES;
				CLANG_WARN_CONSTANT_CONVERSION = YES;
				CLANG_WARN_DEPRECATED_OBJC_IMPLEMENTATIONS = YES;
				CLANG_WARN_DIRECT_OBJC_ISA_USAGE = YES_ERROR;
				CLANG_WARN_DOCUMENTATION_COMMENTS = YES;
				CLANG_WARN_EMPTY_BODY = YES;
				CLANG_WARN_ENUM_CONVERSION = YES;
				CLANG_WARN_INFINITE_RECURSION = YES;
				CLANG_WARN_INT_CONVERSION = YES;
				CLANG_WARN_NON_LITERAL_NULL_CONVERSION = YES;
				CLANG_WARN_OBJC_IMPLICIT_RETAIN_SELF = YES;
				CLANG_WARN_OBJC_LITERAL_CONVERSION = YES;
				CLANG_WARN_OBJC_ROOT_CLASS = YES_ERROR;
				CLANG_WARN_QUOTED_INCLUDE_IN_FRAMEWORK_HEADER = YES;
				CLANG_WARN_RANGE_LOOP_ANALYSIS = YES;
				CLANG_WARN_STRICT_PROTOTYPES = YES;
				CLANG_WARN_SUSPICIOUS_MOVE = YES;
				CLANG_WARN_UNGUARDED_AVAILABILITY = YES_AGGRESSIVE;
				CLANG_WARN_UNREACHABLE_CODE = YES;
				CLANG_WARN__DUPLICATE_METHOD_MATCH = YES;
				COPY_PHASE_STRIP = NO;
				DEBUG_INFORMATION_FORMAT = dwarf;
				ENABLE_STRICT_OBJC_MSGSEND = YES;
				ENABLE_TESTABILITY = YES;
				GCC_C_LANGUAGE_STANDARD = gnu11;
				GCC_DYNAMIC_NO_PIC = NO;
				GCC_NO_COMMON_BLOCKS = YES;
				GCC_OPTIMIZATION_LEVEL = 0;
				GCC_PREPROCESSOR_DEFINITIONS = (
					"DEBUG=1",
					"$(inherited)",
				);
				GCC_WARN_64_TO_32_BIT_CONVERSION = YES;
				GCC_WARN_ABOUT_RETURN_TYPE = YES_ERROR;
				GCC_WARN_UNDECLARED_SELECTOR = YES;
				GCC_WARN_UNINITIALIZED_AUTOS = YES_AGGRESSIVE;
				GCC_WARN_UNUSED_FUNCTION = YES;
				GCC_WARN_UNUSED_VARIABLE = YES;
				IPHONEOS_DEPLOYMENT_TARGET = 15.0;
				MTL_ENABLE_DEBUG_INFO = INCLUDE_SOURCE;
				MTL_FAST_MATH = YES;
				ONLY_ACTIVE_ARCH = YES;
				SDKROOT = iphoneos;
				SWIFT_ACTIVE_COMPILATION_CONDITIONS = DEBUG;
				SWIFT_OPTIMIZATION_LEVEL = "-Onone";
			};
			name = Debug;
		};
		935560DE2935912300CD66C2 /* Release */ = {
			isa = XCBuildConfiguration;
			buildSettings = {
				ALWAYS_SEARCH_USER_PATHS = NO;
				CLANG_ANALYZER_NONNULL = YES;
				CLANG_ANALYZER_NUMBER_OBJECT_CONVERSION = YES_AGGRESSIVE;
				CLANG_CXX_LANGUAGE_STANDARD = "gnu++20";
				CLANG_ENABLE_MODULES = YES;
				CLANG_ENABLE_OBJC_ARC = YES;
				CLANG_ENABLE_OBJC_WEAK = YES;
				CLANG_WARN_BLOCK_CAPTURE_AUTORELEASING = YES;
				CLANG_WARN_BOOL_CONVERSION = YES;
				CLANG_WARN_COMMA = YES;
				CLANG_WARN_CONSTANT_CONVERSION = YES;
				CLANG_WARN_DEPRECATED_OBJC_IMPLEMENTATIONS = YES;
				CLANG_WARN_DIRECT_OBJC_ISA_USAGE = YES_ERROR;
				CLANG_WARN_DOCUMENTATION_COMMENTS = YES;
				CLANG_WARN_EMPTY_BODY = YES;
				CLANG_WARN_ENUM_CONVERSION = YES;
				CLANG_WARN_INFINITE_RECURSION = YES;
				CLANG_WARN_INT_CONVERSION = YES;
				CLANG_WARN_NON_LITERAL_NULL_CONVERSION = YES;
				CLANG_WARN_OBJC_IMPLICIT_RETAIN_SELF = YES;
				CLANG_WARN_OBJC_LITERAL_CONVERSION = YES;
				CLANG_WARN_OBJC_ROOT_CLASS = YES_ERROR;
				CLANG_WARN_QUOTED_INCLUDE_IN_FRAMEWORK_HEADER = YES;
				CLANG_WARN_RANGE_LOOP_ANALYSIS = YES;
				CLANG_WARN_STRICT_PROTOTYPES = YES;
				CLANG_WARN_SUSPICIOUS_MOVE = YES;
				CLANG_WARN_UNGUARDED_AVAILABILITY = YES_AGGRESSIVE;
				CLANG_WARN_UNREACHABLE_CODE = YES;
				CLANG_WARN__DUPLICATE_METHOD_MATCH = YES;
				COPY_PHASE_STRIP = NO;
				DEBUG_INFORMATION_FORMAT = "dwarf-with-dsym";
				ENABLE_NS_ASSERTIONS = NO;
				ENABLE_STRICT_OBJC_MSGSEND = YES;
				GCC_C_LANGUAGE_STANDARD = gnu11;
				GCC_NO_COMMON_BLOCKS = YES;
				GCC_WARN_64_TO_32_BIT_CONVERSION = YES;
				GCC_WARN_ABOUT_RETURN_TYPE = YES_ERROR;
				GCC_WARN_UNDECLARED_SELECTOR = YES;
				GCC_WARN_UNINITIALIZED_AUTOS = YES_AGGRESSIVE;
				GCC_WARN_UNUSED_FUNCTION = YES;
				GCC_WARN_UNUSED_VARIABLE = YES;
				IPHONEOS_DEPLOYMENT_TARGET = 15.0;
				MTL_ENABLE_DEBUG_INFO = NO;
				MTL_FAST_MATH = YES;
				SDKROOT = iphoneos;
				SWIFT_COMPILATION_MODE = wholemodule;
				SWIFT_OPTIMIZATION_LEVEL = "-O";
				VALIDATE_PRODUCT = YES;
			};
			name = Release;
		};
		935560E02935912300CD66C2 /* Debug */ = {
			isa = XCBuildConfiguration;
			buildSettings = {
				ASSETCATALOG_COMPILER_APPICON_NAME = AppIcon;
				ASSETCATALOG_COMPILER_GLOBAL_ACCENT_COLOR_NAME = AccentColor;
				CODE_SIGN_STYLE = Automatic;
				CURRENT_PROJECT_VERSION = 1;
				DEVELOPMENT_ASSET_PATHS = "\"Bamboo/Preview Content\"";
				DEVELOPMENT_TEAM = 56V747V83R;
				ENABLE_PREVIEWS = YES;
				GENERATE_INFOPLIST_FILE = YES;
				INFOPLIST_FILE = Bamboo/Info.plist;
				INFOPLIST_KEY_CFBundleDisplayName = "대대숲";
				INFOPLIST_KEY_UIApplicationSceneManifest_Generation = YES;
				INFOPLIST_KEY_UIApplicationSupportsIndirectInputEvents = YES;
				INFOPLIST_KEY_UILaunchScreen_Generation = YES;
				INFOPLIST_KEY_UISupportedInterfaceOrientations = UIInterfaceOrientationPortrait;
				INFOPLIST_KEY_UISupportedInterfaceOrientations_iPad = "UIInterfaceOrientationLandscapeLeft UIInterfaceOrientationLandscapeRight UIInterfaceOrientationPortrait UIInterfaceOrientationPortraitUpsideDown";
				INFOPLIST_KEY_UIUserInterfaceStyle = Light;
				IPHONEOS_DEPLOYMENT_TARGET = 15;
				LD_RUNPATH_SEARCH_PATHS = (
					"$(inherited)",
					"@executable_path/Frameworks",
				);
				MARKETING_VERSION = 1.0;
				PRODUCT_BUNDLE_IDENTIFIER = kr.hs.dgsw.Bamboo;
				PRODUCT_NAME = "$(TARGET_NAME)";
				SWIFT_EMIT_LOC_STRINGS = YES;
				SWIFT_VERSION = 5.0;
				TARGETED_DEVICE_FAMILY = "1,2";
			};
			name = Debug;
		};
		935560E12935912300CD66C2 /* Release */ = {
			isa = XCBuildConfiguration;
			buildSettings = {
				ASSETCATALOG_COMPILER_APPICON_NAME = AppIcon;
				ASSETCATALOG_COMPILER_GLOBAL_ACCENT_COLOR_NAME = AccentColor;
				CODE_SIGN_STYLE = Automatic;
				CURRENT_PROJECT_VERSION = 1;
				DEVELOPMENT_ASSET_PATHS = "\"Bamboo/Preview Content\"";
				DEVELOPMENT_TEAM = 56V747V83R;
				ENABLE_PREVIEWS = YES;
				GENERATE_INFOPLIST_FILE = YES;
				INFOPLIST_FILE = Bamboo/Info.plist;
				INFOPLIST_KEY_CFBundleDisplayName = "대대숲";
				INFOPLIST_KEY_UIApplicationSceneManifest_Generation = YES;
				INFOPLIST_KEY_UIApplicationSupportsIndirectInputEvents = YES;
				INFOPLIST_KEY_UILaunchScreen_Generation = YES;
				INFOPLIST_KEY_UISupportedInterfaceOrientations = UIInterfaceOrientationPortrait;
				INFOPLIST_KEY_UISupportedInterfaceOrientations_iPad = "UIInterfaceOrientationLandscapeLeft UIInterfaceOrientationLandscapeRight UIInterfaceOrientationPortrait UIInterfaceOrientationPortraitUpsideDown";
				INFOPLIST_KEY_UIUserInterfaceStyle = Light;
				IPHONEOS_DEPLOYMENT_TARGET = 15;
				LD_RUNPATH_SEARCH_PATHS = (
					"$(inherited)",
					"@executable_path/Frameworks",
				);
				MARKETING_VERSION = 1.0;
				PRODUCT_BUNDLE_IDENTIFIER = kr.hs.dgsw.Bamboo;
				PRODUCT_NAME = "$(TARGET_NAME)";
				SWIFT_EMIT_LOC_STRINGS = YES;
				SWIFT_VERSION = 5.0;
				TARGETED_DEVICE_FAMILY = "1,2";
			};
			name = Release;
		};
/* End XCBuildConfiguration section */

/* Begin XCConfigurationList section */
		935560CC2935912200CD66C2 /* Build configuration list for PBXProject "Bamboo" */ = {
			isa = XCConfigurationList;
			buildConfigurations = (
				935560DD2935912300CD66C2 /* Debug */,
				935560DE2935912300CD66C2 /* Release */,
			);
			defaultConfigurationIsVisible = 0;
			defaultConfigurationName = Release;
		};
		935560DF2935912300CD66C2 /* Build configuration list for PBXNativeTarget "Bamboo" */ = {
			isa = XCConfigurationList;
			buildConfigurations = (
				935560E02935912300CD66C2 /* Debug */,
				935560E12935912300CD66C2 /* Release */,
			);
			defaultConfigurationIsVisible = 0;
			defaultConfigurationName = Release;
		};
/* End XCConfigurationList section */

/* Begin XCRemoteSwiftPackageReference section */
		935560F729359C5200CD66C2 /* XCRemoteSwiftPackageReference "Alamofire" */ = {
			isa = XCRemoteSwiftPackageReference;
			repositoryURL = "https://github.com/Alamofire/Alamofire";
			requirement = {
				branch = master;
				kind = branch;
			};
		};
		936459CE29A0C8EF00A15CCF /* XCRemoteSwiftPackageReference "LinkNavigator" */ = {
			isa = XCRemoteSwiftPackageReference;
			repositoryURL = "https://github.com/interactord/LinkNavigator.git";
			requirement = {
				kind = upToNextMajorVersion;
				minimumVersion = 0.5.4;
			};
		};
		93CE181729A20A4D00A5C8A2 /* XCRemoteSwiftPackageReference "Kingfisher" */ = {
			isa = XCRemoteSwiftPackageReference;
			repositoryURL = "https://github.com/onevcat/Kingfisher.git";
			requirement = {
				branch = master;
				kind = branch;
			};
		};
		93D742AB29A9CC3100CEBF47 /* XCRemoteSwiftPackageReference "PartialSheet" */ = {
			isa = XCRemoteSwiftPackageReference;
			repositoryURL = "https://github.com/AndreaMiotto/PartialSheet";
			requirement = {
				kind = upToNextMajorVersion;
				minimumVersion = 3.0.0;
			};
		};
/* End XCRemoteSwiftPackageReference section */

/* Begin XCSwiftPackageProductDependency section */
		935560F829359C5200CD66C2 /* Alamofire */ = {
			isa = XCSwiftPackageProductDependency;
			package = 935560F729359C5200CD66C2 /* XCRemoteSwiftPackageReference "Alamofire" */;
			productName = Alamofire;
		};
		936459CF29A0C8EF00A15CCF /* LinkNavigator */ = {
			isa = XCSwiftPackageProductDependency;
			package = 936459CE29A0C8EF00A15CCF /* XCRemoteSwiftPackageReference "LinkNavigator" */;
			productName = LinkNavigator;
		};
		93CE181829A20A4D00A5C8A2 /* Kingfisher */ = {
			isa = XCSwiftPackageProductDependency;
			package = 93CE181729A20A4D00A5C8A2 /* XCRemoteSwiftPackageReference "Kingfisher" */;
			productName = Kingfisher;
		};
		93D742AC29A9CC3100CEBF47 /* PartialSheet */ = {
			isa = XCSwiftPackageProductDependency;
			package = 93D742AB29A9CC3100CEBF47 /* XCRemoteSwiftPackageReference "PartialSheet" */;
			productName = PartialSheet;
		};
/* End XCSwiftPackageProductDependency section */
	};
	rootObject = 935560C92935912200CD66C2 /* Project object */;
}
